// !$*UTF8*$!
{
	archiveVersion = 1;
	classes = {
	};
	objectVersion = 50;
	objects = {

/* Begin PBXBuildFile section */
		9C0F03D02085DAFD008A7C96 /* AppDelegate.swift in Sources */ = {isa = PBXBuildFile; fileRef = 9C0F03CF2085DAFD008A7C96 /* AppDelegate.swift */; };
		9C0F03D22085DAFD008A7C96 /* IViewController.swift in Sources */ = {isa = PBXBuildFile; fileRef = 9C0F03D12085DAFD008A7C96 /* IViewController.swift */; };
		9C0F03D52085DAFD008A7C96 /* Main.storyboard in Resources */ = {isa = PBXBuildFile; fileRef = 9C0F03D32085DAFD008A7C96 /* Main.storyboard */; };
		9C0F03D82085DAFD008A7C96 /* TestSwift.xcdatamodeld in Sources */ = {isa = PBXBuildFile; fileRef = 9C0F03D62085DAFD008A7C96 /* TestSwift.xcdatamodeld */; };
		9C0F03DA2085DAFD008A7C96 /* Assets.xcassets in Resources */ = {isa = PBXBuildFile; fileRef = 9C0F03D92085DAFD008A7C96 /* Assets.xcassets */; };
		9C0F03DD2085DAFD008A7C96 /* LaunchScreen.storyboard in Resources */ = {isa = PBXBuildFile; fileRef = 9C0F03DB2085DAFD008A7C96 /* LaunchScreen.storyboard */; };
		9C0F03E82085DAFD008A7C96 /* TestSwiftTests.swift in Sources */ = {isa = PBXBuildFile; fileRef = 9C0F03E72085DAFD008A7C96 /* TestSwiftTests.swift */; };
		9C0F03F32085DAFD008A7C96 /* TestSwiftUITests.swift in Sources */ = {isa = PBXBuildFile; fileRef = 9C0F03F22085DAFD008A7C96 /* TestSwiftUITests.swift */; };
		9C18172C209C0BD500FBD419 /* Ex_UITextField.swift in Sources */ = {isa = PBXBuildFile; fileRef = 9C18172B209C0BD500FBD419 /* Ex_UITextField.swift */; };
		9C18172E209C3BE600FBD419 /* VarlenaInput.swift in Sources */ = {isa = PBXBuildFile; fileRef = 9C18172D209C3BE600FBD419 /* VarlenaInput.swift */; };
		9C181730209C3BF200FBD419 /* VarlenaInput.xib in Resources */ = {isa = PBXBuildFile; fileRef = 9C18172F209C3BF200FBD419 /* VarlenaInput.xib */; };
		9C243DAD20A04A9E00D6A32A /* CalendarView.swift in Sources */ = {isa = PBXBuildFile; fileRef = 9C243DAC20A04A9E00D6A32A /* CalendarView.swift */; };
		9C243DAF20A04AEB00D6A32A /* CalendarView.xib in Resources */ = {isa = PBXBuildFile; fileRef = 9C243DAE20A04AEB00D6A32A /* CalendarView.xib */; };
		9C243DB120A04AFF00D6A32A /* CalendarCell.xib in Resources */ = {isa = PBXBuildFile; fileRef = 9C243DB020A04AFF00D6A32A /* CalendarCell.xib */; };
		9C243DB320A04B1D00D6A32A /* CalendarCell.swift in Sources */ = {isa = PBXBuildFile; fileRef = 9C243DB220A04B1D00D6A32A /* CalendarCell.swift */; };
		9C5E7B55208733AB00999A9C /* libsqlite3.tbd in Frameworks */ = {isa = PBXBuildFile; fileRef = 9C5E7B54208733AB00999A9C /* libsqlite3.tbd */; };
		9C5F261B209328B70080E1DC /* CardTable.swift in Sources */ = {isa = PBXBuildFile; fileRef = 9C5F261A209328B70080E1DC /* CardTable.swift */; };
		9C5F261D209328C10080E1DC /* CardView.swift in Sources */ = {isa = PBXBuildFile; fileRef = 9C5F261C209328C10080E1DC /* CardView.swift */; };
		9C5F261F20934EE90080E1DC /* Operator.swift in Sources */ = {isa = PBXBuildFile; fileRef = 9C5F261E20934EE90080E1DC /* Operator.swift */; };
		9C7F2AC2209C09A9005B6A44 /* CardSeparator.swift in Sources */ = {isa = PBXBuildFile; fileRef = 9C7F2AC1209C09A8005B6A44 /* CardSeparator.swift */; };
		9C8FAE4D208F253200AB8CE7 /* Animation.swift in Sources */ = {isa = PBXBuildFile; fileRef = 9C8FAE24208F253200AB8CE7 /* Animation.swift */; };
		9C8FAE4E208F253200AB8CE7 /* Button.swift in Sources */ = {isa = PBXBuildFile; fileRef = 9C8FAE26208F253200AB8CE7 /* Button.swift */; };
		9C8FAE4F208F253200AB8CE7 /* ImageView.swift in Sources */ = {isa = PBXBuildFile; fileRef = 9C8FAE27208F253200AB8CE7 /* ImageView.swift */; };
		9C8FAE52208F253200AB8CE7 /* TableView.swift in Sources */ = {isa = PBXBuildFile; fileRef = 9C8FAE2B208F253200AB8CE7 /* TableView.swift */; };
		9C8FAE53208F253200AB8CE7 /* TableViewCell.swift in Sources */ = {isa = PBXBuildFile; fileRef = 9C8FAE2C208F253200AB8CE7 /* TableViewCell.swift */; };
		9C8FAE54208F253200AB8CE7 /* View.swift in Sources */ = {isa = PBXBuildFile; fileRef = 9C8FAE2D208F253200AB8CE7 /* View.swift */; };
		9C8FAE55208F253200AB8CE7 /* ViewController.swift in Sources */ = {isa = PBXBuildFile; fileRef = 9C8FAE2E208F253200AB8CE7 /* ViewController.swift */; };
		9C8FAE56208F253200AB8CE7 /* SQLite.swift in Sources */ = {isa = PBXBuildFile; fileRef = 9C8FAE30208F253200AB8CE7 /* SQLite.swift */; };
		9C8FAE57208F253200AB8CE7 /* Ex_Array.swift in Sources */ = {isa = PBXBuildFile; fileRef = 9C8FAE33208F253200AB8CE7 /* Ex_Array.swift */; };
		9C8FAE58208F253200AB8CE7 /* Ex_Calendar.swift in Sources */ = {isa = PBXBuildFile; fileRef = 9C8FAE34208F253200AB8CE7 /* Ex_Calendar.swift */; };
		9C8FAE59208F253200AB8CE7 /* Ex_Date.swift in Sources */ = {isa = PBXBuildFile; fileRef = 9C8FAE35208F253200AB8CE7 /* Ex_Date.swift */; };
		9C8FAE5A208F253200AB8CE7 /* Ex_DateFormatter.swift in Sources */ = {isa = PBXBuildFile; fileRef = 9C8FAE36208F253200AB8CE7 /* Ex_DateFormatter.swift */; };
		9C8FAE5B208F253200AB8CE7 /* Ex_IndexPath.swift in Sources */ = {isa = PBXBuildFile; fileRef = 9C8FAE37208F253200AB8CE7 /* Ex_IndexPath.swift */; };
		9C8FAE5C208F253200AB8CE7 /* Ex_Int.swift in Sources */ = {isa = PBXBuildFile; fileRef = 9C8FAE38208F253200AB8CE7 /* Ex_Int.swift */; };
		9C8FAE5D208F253200AB8CE7 /* Ex_String.swift in Sources */ = {isa = PBXBuildFile; fileRef = 9C8FAE39208F253200AB8CE7 /* Ex_String.swift */; };
		9C8FAE5E208F253200AB8CE7 /* Ex_UIColor.swift in Sources */ = {isa = PBXBuildFile; fileRef = 9C8FAE3B208F253200AB8CE7 /* Ex_UIColor.swift */; };
		9C8FAE5F208F253200AB8CE7 /* Ex_UIDevice.swift in Sources */ = {isa = PBXBuildFile; fileRef = 9C8FAE3C208F253200AB8CE7 /* Ex_UIDevice.swift */; };
		9C8FAE60208F253200AB8CE7 /* Ex_UILabel.swift in Sources */ = {isa = PBXBuildFile; fileRef = 9C8FAE3D208F253200AB8CE7 /* Ex_UILabel.swift */; };
		9C8FAE61208F253200AB8CE7 /* Ex_UIScreen.swift in Sources */ = {isa = PBXBuildFile; fileRef = 9C8FAE3E208F253200AB8CE7 /* Ex_UIScreen.swift */; };
		9C8FAE62208F253200AB8CE7 /* Ex_UIStoryboardSegue.swift in Sources */ = {isa = PBXBuildFile; fileRef = 9C8FAE3F208F253200AB8CE7 /* Ex_UIStoryboardSegue.swift */; };
		9C8FAE63208F253200AB8CE7 /* Ex_UITextView.swift in Sources */ = {isa = PBXBuildFile; fileRef = 9C8FAE40208F253200AB8CE7 /* Ex_UITextView.swift */; };
		9C8FAE64208F253200AB8CE7 /* InputTextView.swift in Sources */ = {isa = PBXBuildFile; fileRef = 9C8FAE43208F253200AB8CE7 /* InputTextView.swift */; };
		9C8FAE65208F253200AB8CE7 /* InputView.swift in Sources */ = {isa = PBXBuildFile; fileRef = 9C8FAE44208F253200AB8CE7 /* InputView.swift */; };
		9C8FAE66208F253200AB8CE7 /* InputView.xib in Resources */ = {isa = PBXBuildFile; fileRef = 9C8FAE45208F253200AB8CE7 /* InputView.xib */; };
		9C8FAE67208F253200AB8CE7 /* iDateSelector.swift in Sources */ = {isa = PBXBuildFile; fileRef = 9C8FAE47208F253200AB8CE7 /* iDateSelector.swift */; };
		9C8FAE68208F253200AB8CE7 /* iSelector.swift in Sources */ = {isa = PBXBuildFile; fileRef = 9C8FAE48208F253200AB8CE7 /* iSelector.swift */; };
		9C8FAE69208F253200AB8CE7 /* iSelector.xib in Resources */ = {isa = PBXBuildFile; fileRef = 9C8FAE49208F253200AB8CE7 /* iSelector.xib */; };
		9C8FAE6A208F253200AB8CE7 /* NibLoable.swift in Sources */ = {isa = PBXBuildFile; fileRef = 9C8FAE4B208F253200AB8CE7 /* NibLoable.swift */; };
		9C8FAE6B208F253200AB8CE7 /* Notifiable.swift in Sources */ = {isa = PBXBuildFile; fileRef = 9C8FAE4C208F253200AB8CE7 /* Notifiable.swift */; };
		9C8FAE6D208F30A600AB8CE7 /* InputTextView.xib in Resources */ = {isa = PBXBuildFile; fileRef = 9C8FAE6C208F30A600AB8CE7 /* InputTextView.xib */; };
/* End PBXBuildFile section */

/* Begin PBXContainerItemProxy section */
		9C0F03E42085DAFD008A7C96 /* PBXContainerItemProxy */ = {
			isa = PBXContainerItemProxy;
			containerPortal = 9C0F03C42085DAFD008A7C96 /* Project object */;
			proxyType = 1;
			remoteGlobalIDString = 9C0F03CB2085DAFD008A7C96;
			remoteInfo = TestSwift;
		};
		9C0F03EF2085DAFD008A7C96 /* PBXContainerItemProxy */ = {
			isa = PBXContainerItemProxy;
			containerPortal = 9C0F03C42085DAFD008A7C96 /* Project object */;
			proxyType = 1;
			remoteGlobalIDString = 9C0F03CB2085DAFD008A7C96;
			remoteInfo = TestSwift;
		};
/* End PBXContainerItemProxy section */

/* Begin PBXFileReference section */
		9C0F03CC2085DAFD008A7C96 /* TestSwift.app */ = {isa = PBXFileReference; explicitFileType = wrapper.application; includeInIndex = 0; path = TestSwift.app; sourceTree = BUILT_PRODUCTS_DIR; };
		9C0F03CF2085DAFD008A7C96 /* AppDelegate.swift */ = {isa = PBXFileReference; lastKnownFileType = sourcecode.swift; path = AppDelegate.swift; sourceTree = "<group>"; };
		9C0F03D12085DAFD008A7C96 /* IViewController.swift */ = {isa = PBXFileReference; lastKnownFileType = sourcecode.swift; path = IViewController.swift; sourceTree = "<group>"; };
		9C0F03D42085DAFD008A7C96 /* Base */ = {isa = PBXFileReference; lastKnownFileType = file.storyboard; name = Base; path = Base.lproj/Main.storyboard; sourceTree = "<group>"; };
		9C0F03D72085DAFD008A7C96 /* TestSwift.xcdatamodel */ = {isa = PBXFileReference; lastKnownFileType = wrapper.xcdatamodel; path = TestSwift.xcdatamodel; sourceTree = "<group>"; };
		9C0F03D92085DAFD008A7C96 /* Assets.xcassets */ = {isa = PBXFileReference; lastKnownFileType = folder.assetcatalog; path = Assets.xcassets; sourceTree = "<group>"; };
		9C0F03DC2085DAFD008A7C96 /* Base */ = {isa = PBXFileReference; lastKnownFileType = file.storyboard; name = Base; path = Base.lproj/LaunchScreen.storyboard; sourceTree = "<group>"; };
		9C0F03DE2085DAFD008A7C96 /* Info.plist */ = {isa = PBXFileReference; lastKnownFileType = text.plist.xml; path = Info.plist; sourceTree = "<group>"; };
		9C0F03E32085DAFD008A7C96 /* TestSwiftTests.xctest */ = {isa = PBXFileReference; explicitFileType = wrapper.cfbundle; includeInIndex = 0; path = TestSwiftTests.xctest; sourceTree = BUILT_PRODUCTS_DIR; };
		9C0F03E72085DAFD008A7C96 /* TestSwiftTests.swift */ = {isa = PBXFileReference; lastKnownFileType = sourcecode.swift; path = TestSwiftTests.swift; sourceTree = "<group>"; };
		9C0F03E92085DAFD008A7C96 /* Info.plist */ = {isa = PBXFileReference; lastKnownFileType = text.plist.xml; path = Info.plist; sourceTree = "<group>"; };
		9C0F03EE2085DAFD008A7C96 /* TestSwiftUITests.xctest */ = {isa = PBXFileReference; explicitFileType = wrapper.cfbundle; includeInIndex = 0; path = TestSwiftUITests.xctest; sourceTree = BUILT_PRODUCTS_DIR; };
		9C0F03F22085DAFD008A7C96 /* TestSwiftUITests.swift */ = {isa = PBXFileReference; lastKnownFileType = sourcecode.swift; path = TestSwiftUITests.swift; sourceTree = "<group>"; };
		9C0F03F42085DAFD008A7C96 /* Info.plist */ = {isa = PBXFileReference; lastKnownFileType = text.plist.xml; path = Info.plist; sourceTree = "<group>"; };
		9C18172B209C0BD500FBD419 /* Ex_UITextField.swift */ = {isa = PBXFileReference; fileEncoding = 4; lastKnownFileType = sourcecode.swift; name = Ex_UITextField.swift; path = ../UIKit/Ex_UITextField.swift; sourceTree = "<group>"; };
		9C18172D209C3BE600FBD419 /* VarlenaInput.swift */ = {isa = PBXFileReference; lastKnownFileType = sourcecode.swift; path = VarlenaInput.swift; sourceTree = "<group>"; };
		9C18172F209C3BF200FBD419 /* VarlenaInput.xib */ = {isa = PBXFileReference; lastKnownFileType = file.xib; path = VarlenaInput.xib; sourceTree = "<group>"; };
		9C243DAC20A04A9E00D6A32A /* CalendarView.swift */ = {isa = PBXFileReference; lastKnownFileType = sourcecode.swift; path = CalendarView.swift; sourceTree = "<group>"; };
		9C243DAE20A04AEB00D6A32A /* CalendarView.xib */ = {isa = PBXFileReference; lastKnownFileType = file.xib; path = CalendarView.xib; sourceTree = "<group>"; };
		9C243DB020A04AFF00D6A32A /* CalendarCell.xib */ = {isa = PBXFileReference; lastKnownFileType = file.xib; path = CalendarCell.xib; sourceTree = "<group>"; };
		9C243DB220A04B1D00D6A32A /* CalendarCell.swift */ = {isa = PBXFileReference; lastKnownFileType = sourcecode.swift; path = CalendarCell.swift; sourceTree = "<group>"; };
		9C5E7B54208733AB00999A9C /* libsqlite3.tbd */ = {isa = PBXFileReference; lastKnownFileType = "sourcecode.text-based-dylib-definition"; name = libsqlite3.tbd; path = usr/lib/libsqlite3.tbd; sourceTree = SDKROOT; };
		9C5F261A209328B70080E1DC /* CardTable.swift */ = {isa = PBXFileReference; lastKnownFileType = sourcecode.swift; path = CardTable.swift; sourceTree = "<group>"; };
		9C5F261C209328C10080E1DC /* CardView.swift */ = {isa = PBXFileReference; lastKnownFileType = sourcecode.swift; path = CardView.swift; sourceTree = "<group>"; };
		9C5F261E20934EE90080E1DC /* Operator.swift */ = {isa = PBXFileReference; lastKnownFileType = sourcecode.swift; path = Operator.swift; sourceTree = "<group>"; };
		9C7F2AC1209C09A8005B6A44 /* CardSeparator.swift */ = {isa = PBXFileReference; fileEncoding = 4; lastKnownFileType = sourcecode.swift; path = CardSeparator.swift; sourceTree = "<group>"; };
		9C8FAE24208F253200AB8CE7 /* Animation.swift */ = {isa = PBXFileReference; fileEncoding = 4; lastKnownFileType = sourcecode.swift; path = Animation.swift; sourceTree = "<group>"; };
		9C8FAE26208F253200AB8CE7 /* Button.swift */ = {isa = PBXFileReference; fileEncoding = 4; lastKnownFileType = sourcecode.swift; path = Button.swift; sourceTree = "<group>"; };
		9C8FAE27208F253200AB8CE7 /* ImageView.swift */ = {isa = PBXFileReference; fileEncoding = 4; lastKnownFileType = sourcecode.swift; path = ImageView.swift; sourceTree = "<group>"; };
		9C8FAE2B208F253200AB8CE7 /* TableView.swift */ = {isa = PBXFileReference; fileEncoding = 4; lastKnownFileType = sourcecode.swift; path = TableView.swift; sourceTree = "<group>"; };
		9C8FAE2C208F253200AB8CE7 /* TableViewCell.swift */ = {isa = PBXFileReference; fileEncoding = 4; lastKnownFileType = sourcecode.swift; path = TableViewCell.swift; sourceTree = "<group>"; };
		9C8FAE2D208F253200AB8CE7 /* View.swift */ = {isa = PBXFileReference; fileEncoding = 4; lastKnownFileType = sourcecode.swift; path = View.swift; sourceTree = "<group>"; };
		9C8FAE2E208F253200AB8CE7 /* ViewController.swift */ = {isa = PBXFileReference; fileEncoding = 4; lastKnownFileType = sourcecode.swift; path = ViewController.swift; sourceTree = "<group>"; };
		9C8FAE30208F253200AB8CE7 /* SQLite.swift */ = {isa = PBXFileReference; fileEncoding = 4; lastKnownFileType = sourcecode.swift; path = SQLite.swift; sourceTree = "<group>"; };
		9C8FAE33208F253200AB8CE7 /* Ex_Array.swift */ = {isa = PBXFileReference; fileEncoding = 4; lastKnownFileType = sourcecode.swift; path = Ex_Array.swift; sourceTree = "<group>"; };
		9C8FAE34208F253200AB8CE7 /* Ex_Calendar.swift */ = {isa = PBXFileReference; fileEncoding = 4; lastKnownFileType = sourcecode.swift; path = Ex_Calendar.swift; sourceTree = "<group>"; };
		9C8FAE35208F253200AB8CE7 /* Ex_Date.swift */ = {isa = PBXFileReference; fileEncoding = 4; lastKnownFileType = sourcecode.swift; path = Ex_Date.swift; sourceTree = "<group>"; };
		9C8FAE36208F253200AB8CE7 /* Ex_DateFormatter.swift */ = {isa = PBXFileReference; fileEncoding = 4; lastKnownFileType = sourcecode.swift; path = Ex_DateFormatter.swift; sourceTree = "<group>"; };
		9C8FAE37208F253200AB8CE7 /* Ex_IndexPath.swift */ = {isa = PBXFileReference; fileEncoding = 4; lastKnownFileType = sourcecode.swift; path = Ex_IndexPath.swift; sourceTree = "<group>"; };
		9C8FAE38208F253200AB8CE7 /* Ex_Int.swift */ = {isa = PBXFileReference; fileEncoding = 4; lastKnownFileType = sourcecode.swift; path = Ex_Int.swift; sourceTree = "<group>"; };
		9C8FAE39208F253200AB8CE7 /* Ex_String.swift */ = {isa = PBXFileReference; fileEncoding = 4; lastKnownFileType = sourcecode.swift; path = Ex_String.swift; sourceTree = "<group>"; };
		9C8FAE3B208F253200AB8CE7 /* Ex_UIColor.swift */ = {isa = PBXFileReference; fileEncoding = 4; lastKnownFileType = sourcecode.swift; path = Ex_UIColor.swift; sourceTree = "<group>"; };
		9C8FAE3C208F253200AB8CE7 /* Ex_UIDevice.swift */ = {isa = PBXFileReference; fileEncoding = 4; lastKnownFileType = sourcecode.swift; path = Ex_UIDevice.swift; sourceTree = "<group>"; };
		9C8FAE3D208F253200AB8CE7 /* Ex_UILabel.swift */ = {isa = PBXFileReference; fileEncoding = 4; lastKnownFileType = sourcecode.swift; path = Ex_UILabel.swift; sourceTree = "<group>"; };
		9C8FAE3E208F253200AB8CE7 /* Ex_UIScreen.swift */ = {isa = PBXFileReference; fileEncoding = 4; lastKnownFileType = sourcecode.swift; path = Ex_UIScreen.swift; sourceTree = "<group>"; };
		9C8FAE3F208F253200AB8CE7 /* Ex_UIStoryboardSegue.swift */ = {isa = PBXFileReference; fileEncoding = 4; lastKnownFileType = sourcecode.swift; path = Ex_UIStoryboardSegue.swift; sourceTree = "<group>"; };
		9C8FAE40208F253200AB8CE7 /* Ex_UITextView.swift */ = {isa = PBXFileReference; fileEncoding = 4; lastKnownFileType = sourcecode.swift; path = Ex_UITextView.swift; sourceTree = "<group>"; };
		9C8FAE43208F253200AB8CE7 /* InputTextView.swift */ = {isa = PBXFileReference; fileEncoding = 4; lastKnownFileType = sourcecode.swift; path = InputTextView.swift; sourceTree = "<group>"; };
		9C8FAE44208F253200AB8CE7 /* InputView.swift */ = {isa = PBXFileReference; fileEncoding = 4; lastKnownFileType = sourcecode.swift; path = InputView.swift; sourceTree = "<group>"; };
		9C8FAE45208F253200AB8CE7 /* InputView.xib */ = {isa = PBXFileReference; fileEncoding = 4; lastKnownFileType = file.xib; path = InputView.xib; sourceTree = "<group>"; };
		9C8FAE47208F253200AB8CE7 /* iDateSelector.swift */ = {isa = PBXFileReference; fileEncoding = 4; lastKnownFileType = sourcecode.swift; path = iDateSelector.swift; sourceTree = "<group>"; };
		9C8FAE48208F253200AB8CE7 /* iSelector.swift */ = {isa = PBXFileReference; fileEncoding = 4; lastKnownFileType = sourcecode.swift; path = iSelector.swift; sourceTree = "<group>"; };
		9C8FAE49208F253200AB8CE7 /* iSelector.xib */ = {isa = PBXFileReference; fileEncoding = 4; lastKnownFileType = file.xib; path = iSelector.xib; sourceTree = "<group>"; };
		9C8FAE4B208F253200AB8CE7 /* NibLoable.swift */ = {isa = PBXFileReference; fileEncoding = 4; lastKnownFileType = sourcecode.swift; path = NibLoable.swift; sourceTree = "<group>"; };
		9C8FAE4C208F253200AB8CE7 /* Notifiable.swift */ = {isa = PBXFileReference; fileEncoding = 4; lastKnownFileType = sourcecode.swift; path = Notifiable.swift; sourceTree = "<group>"; };
		9C8FAE6C208F30A600AB8CE7 /* InputTextView.xib */ = {isa = PBXFileReference; lastKnownFileType = file.xib; path = InputTextView.xib; sourceTree = "<group>"; };
/* End PBXFileReference section */

/* Begin PBXFrameworksBuildPhase section */
		9C0F03C92085DAFD008A7C96 /* Frameworks */ = {
			isa = PBXFrameworksBuildPhase;
			buildActionMask = 2147483647;
			files = (
				9C5E7B55208733AB00999A9C /* libsqlite3.tbd in Frameworks */,
			);
			runOnlyForDeploymentPostprocessing = 0;
		};
		9C0F03E02085DAFD008A7C96 /* Frameworks */ = {
			isa = PBXFrameworksBuildPhase;
			buildActionMask = 2147483647;
			files = (
			);
			runOnlyForDeploymentPostprocessing = 0;
		};
		9C0F03EB2085DAFD008A7C96 /* Frameworks */ = {
			isa = PBXFrameworksBuildPhase;
			buildActionMask = 2147483647;
			files = (
			);
			runOnlyForDeploymentPostprocessing = 0;
		};
/* End PBXFrameworksBuildPhase section */

/* Begin PBXGroup section */
		9C0F03C32085DAFD008A7C96 = {
			isa = PBXGroup;
			children = (
				9C0F03CE2085DAFD008A7C96 /* TestSwift */,
				9C0F03E62085DAFD008A7C96 /* TestSwiftTests */,
				9C0F03F12085DAFD008A7C96 /* TestSwiftUITests */,
				9C0F03CD2085DAFD008A7C96 /* Products */,
				9C5E7B53208733AB00999A9C /* Frameworks */,
			);
			sourceTree = "<group>";
		};
		9C0F03CD2085DAFD008A7C96 /* Products */ = {
			isa = PBXGroup;
			children = (
				9C0F03CC2085DAFD008A7C96 /* TestSwift.app */,
				9C0F03E32085DAFD008A7C96 /* TestSwiftTests.xctest */,
				9C0F03EE2085DAFD008A7C96 /* TestSwiftUITests.xctest */,
			);
			name = Products;
			sourceTree = "<group>";
		};
		9C0F03CE2085DAFD008A7C96 /* TestSwift */ = {
			isa = PBXGroup;
			children = (
				9C8FAE22208F253200AB8CE7 /* Codebase */,
				9C0F04002085DB0C008A7C96 /* Resources */,
			);
			path = TestSwift;
			sourceTree = "<group>";
		};
		9C0F03E62085DAFD008A7C96 /* TestSwiftTests */ = {
			isa = PBXGroup;
			children = (
				9C0F03E72085DAFD008A7C96 /* TestSwiftTests.swift */,
				9C0F03E92085DAFD008A7C96 /* Info.plist */,
			);
			path = TestSwiftTests;
			sourceTree = "<group>";
		};
		9C0F03F12085DAFD008A7C96 /* TestSwiftUITests */ = {
			isa = PBXGroup;
			children = (
				9C0F03F22085DAFD008A7C96 /* TestSwiftUITests.swift */,
				9C0F03F42085DAFD008A7C96 /* Info.plist */,
			);
			path = TestSwiftUITests;
			sourceTree = "<group>";
		};
		9C0F04002085DB0C008A7C96 /* Resources */ = {
			isa = PBXGroup;
			children = (
				9C0F03CF2085DAFD008A7C96 /* AppDelegate.swift */,
				9C0F03D12085DAFD008A7C96 /* IViewController.swift */,
				9C0F03D32085DAFD008A7C96 /* Main.storyboard */,
				9C0F03D92085DAFD008A7C96 /* Assets.xcassets */,
				9C0F03DB2085DAFD008A7C96 /* LaunchScreen.storyboard */,
				9C0F03DE2085DAFD008A7C96 /* Info.plist */,
				9C0F03D62085DAFD008A7C96 /* TestSwift.xcdatamodeld */,
			);
			path = Resources;
			sourceTree = "<group>";
		};
		9C243DAB20A04A8800D6A32A /* Calender */ = {
			isa = PBXGroup;
			children = (
				9C243DAC20A04A9E00D6A32A /* CalendarView.swift */,
				9C243DB220A04B1D00D6A32A /* CalendarCell.swift */,
				9C243DAE20A04AEB00D6A32A /* CalendarView.xib */,
				9C243DB020A04AFF00D6A32A /* CalendarCell.xib */,
			);
			path = Calender;
			sourceTree = "<group>";
		};
		9C5E7B53208733AB00999A9C /* Frameworks */ = {
			isa = PBXGroup;
			children = (
				9C5E7B54208733AB00999A9C /* libsqlite3.tbd */,
			);
			name = Frameworks;
			sourceTree = "<group>";
		};
		9C5F2619209328950080E1DC /* ScrollView */ = {
			isa = PBXGroup;
			children = (
				9C7F2AC1209C09A8005B6A44 /* CardSeparator.swift */,
				9C5F261A209328B70080E1DC /* CardTable.swift */,
				9C5F261C209328C10080E1DC /* CardView.swift */,
			);
			path = ScrollView;
			sourceTree = "<group>";
		};
		9C8FAE22208F253200AB8CE7 /* Codebase */ = {
			isa = PBXGroup;
			children = (
				9C8FAE23208F253200AB8CE7 /* Animation */,
				9C8FAE25208F253200AB8CE7 /* BaseObjects */,
				9C8FAE2F208F253200AB8CE7 /* Database */,
				9C8FAE31208F253200AB8CE7 /* Extensions */,
				9C8FAE41208F253200AB8CE7 /* Interface */,
				9C8FAE4A208F253200AB8CE7 /* Protocols */,
			);
			name = Codebase;
			path = ../../Codebase;
			sourceTree = "<group>";
		};
		9C8FAE23208F253200AB8CE7 /* Animation */ = {
			isa = PBXGroup;
			children = (
				9C8FAE24208F253200AB8CE7 /* Animation.swift */,
			);
			path = Animation;
			sourceTree = "<group>";
		};
		9C8FAE25208F253200AB8CE7 /* BaseObjects */ = {
			isa = PBXGroup;
			children = (
				9C5F2619209328950080E1DC /* ScrollView */,
				9C8FAE26208F253200AB8CE7 /* Button.swift */,
				9C8FAE27208F253200AB8CE7 /* ImageView.swift */,
				9C8FAE2D208F253200AB8CE7 /* View.swift */,
				9C8FAE2E208F253200AB8CE7 /* ViewController.swift */,
				9C8FAE28208F253200AB8CE7 /* TableView */,
			);
			path = BaseObjects;
			sourceTree = "<group>";
		};
		9C8FAE28208F253200AB8CE7 /* TableView */ = {
			isa = PBXGroup;
			children = (
				9C8FAE2B208F253200AB8CE7 /* TableView.swift */,
				9C8FAE2C208F253200AB8CE7 /* TableViewCell.swift */,
			);
			path = TableView;
			sourceTree = "<group>";
		};
		9C8FAE2F208F253200AB8CE7 /* Database */ = {
			isa = PBXGroup;
			children = (
				9C8FAE30208F253200AB8CE7 /* SQLite.swift */,
			);
			path = Database;
			sourceTree = "<group>";
		};
		9C8FAE31208F253200AB8CE7 /* Extensions */ = {
			isa = PBXGroup;
			children = (
				9C8FAE32208F253200AB8CE7 /* Foundation */,
				9C8FAE3A208F253200AB8CE7 /* UIKit */,
			);
			path = Extensions;
			sourceTree = "<group>";
		};
		9C8FAE32208F253200AB8CE7 /* Foundation */ = {
			isa = PBXGroup;
			children = (
				9C18172B209C0BD500FBD419 /* Ex_UITextField.swift */,
				9C8FAE33208F253200AB8CE7 /* Ex_Array.swift */,
				9C8FAE34208F253200AB8CE7 /* Ex_Calendar.swift */,
				9C8FAE35208F253200AB8CE7 /* Ex_Date.swift */,
				9C8FAE36208F253200AB8CE7 /* Ex_DateFormatter.swift */,
				9C8FAE37208F253200AB8CE7 /* Ex_IndexPath.swift */,
				9C8FAE38208F253200AB8CE7 /* Ex_Int.swift */,
				9C8FAE39208F253200AB8CE7 /* Ex_String.swift */,
			);
			path = Foundation;
			sourceTree = "<group>";
		};
		9C8FAE3A208F253200AB8CE7 /* UIKit */ = {
			isa = PBXGroup;
			children = (
				9C8FAE3B208F253200AB8CE7 /* Ex_UIColor.swift */,
				9C8FAE3C208F253200AB8CE7 /* Ex_UIDevice.swift */,
				9C8FAE3D208F253200AB8CE7 /* Ex_UILabel.swift */,
				9C8FAE3E208F253200AB8CE7 /* Ex_UIScreen.swift */,
				9C8FAE3F208F253200AB8CE7 /* Ex_UIStoryboardSegue.swift */,
				9C8FAE40208F253200AB8CE7 /* Ex_UITextView.swift */,
			);
			path = UIKit;
			sourceTree = "<group>";
		};
		9C8FAE41208F253200AB8CE7 /* Interface */ = {
			isa = PBXGroup;
			children = (
				9C243DAB20A04A8800D6A32A /* Calender */,
				9C8FAE42208F253200AB8CE7 /* Input */,
				9C8FAE46208F253200AB8CE7 /* Selector */,
			);
			path = Interface;
			sourceTree = "<group>";
		};
		9C8FAE42208F253200AB8CE7 /* Input */ = {
			isa = PBXGroup;
			children = (
				9C8FAE44208F253200AB8CE7 /* InputView.swift */,
				9C8FAE45208F253200AB8CE7 /* InputView.xib */,
				9C8FAE43208F253200AB8CE7 /* InputTextView.swift */,
				9C8FAE6C208F30A600AB8CE7 /* InputTextView.xib */,
				9C18172D209C3BE600FBD419 /* VarlenaInput.swift */,
				9C18172F209C3BF200FBD419 /* VarlenaInput.xib */,
			);
			path = Input;
			sourceTree = "<group>";
		};
		9C8FAE46208F253200AB8CE7 /* Selector */ = {
			isa = PBXGroup;
			children = (
				9C8FAE47208F253200AB8CE7 /* iDateSelector.swift */,
				9C8FAE48208F253200AB8CE7 /* iSelector.swift */,
				9C8FAE49208F253200AB8CE7 /* iSelector.xib */,
			);
			path = Selector;
			sourceTree = "<group>";
		};
		9C8FAE4A208F253200AB8CE7 /* Protocols */ = {
			isa = PBXGroup;
			children = (
				9C8FAE4B208F253200AB8CE7 /* NibLoable.swift */,
				9C8FAE4C208F253200AB8CE7 /* Notifiable.swift */,
				9C5F261E20934EE90080E1DC /* Operator.swift */,
			);
			path = Protocols;
			sourceTree = "<group>";
		};
/* End PBXGroup section */

/* Begin PBXNativeTarget section */
		9C0F03CB2085DAFD008A7C96 /* TestSwift */ = {
			isa = PBXNativeTarget;
			buildConfigurationList = 9C0F03F72085DAFD008A7C96 /* Build configuration list for PBXNativeTarget "TestSwift" */;
			buildPhases = (
				9C0F03C82085DAFD008A7C96 /* Sources */,
				9C0F03C92085DAFD008A7C96 /* Frameworks */,
				9C0F03CA2085DAFD008A7C96 /* Resources */,
			);
			buildRules = (
			);
			dependencies = (
			);
			name = TestSwift;
			productName = TestSwift;
			productReference = 9C0F03CC2085DAFD008A7C96 /* TestSwift.app */;
			productType = "com.apple.product-type.application";
		};
		9C0F03E22085DAFD008A7C96 /* TestSwiftTests */ = {
			isa = PBXNativeTarget;
			buildConfigurationList = 9C0F03FA2085DAFD008A7C96 /* Build configuration list for PBXNativeTarget "TestSwiftTests" */;
			buildPhases = (
				9C0F03DF2085DAFD008A7C96 /* Sources */,
				9C0F03E02085DAFD008A7C96 /* Frameworks */,
				9C0F03E12085DAFD008A7C96 /* Resources */,
			);
			buildRules = (
			);
			dependencies = (
				9C0F03E52085DAFD008A7C96 /* PBXTargetDependency */,
			);
			name = TestSwiftTests;
			productName = TestSwiftTests;
			productReference = 9C0F03E32085DAFD008A7C96 /* TestSwiftTests.xctest */;
			productType = "com.apple.product-type.bundle.unit-test";
		};
		9C0F03ED2085DAFD008A7C96 /* TestSwiftUITests */ = {
			isa = PBXNativeTarget;
			buildConfigurationList = 9C0F03FD2085DAFD008A7C96 /* Build configuration list for PBXNativeTarget "TestSwiftUITests" */;
			buildPhases = (
				9C0F03EA2085DAFD008A7C96 /* Sources */,
				9C0F03EB2085DAFD008A7C96 /* Frameworks */,
				9C0F03EC2085DAFD008A7C96 /* Resources */,
			);
			buildRules = (
			);
			dependencies = (
				9C0F03F02085DAFD008A7C96 /* PBXTargetDependency */,
			);
			name = TestSwiftUITests;
			productName = TestSwiftUITests;
			productReference = 9C0F03EE2085DAFD008A7C96 /* TestSwiftUITests.xctest */;
			productType = "com.apple.product-type.bundle.ui-testing";
		};
/* End PBXNativeTarget section */

/* Begin PBXProject section */
		9C0F03C42085DAFD008A7C96 /* Project object */ = {
			isa = PBXProject;
			attributes = {
				LastSwiftUpdateCheck = 0930;
				LastUpgradeCheck = 0930;
				ORGANIZATIONNAME = Myron;
				TargetAttributes = {
					9C0F03CB2085DAFD008A7C96 = {
						CreatedOnToolsVersion = 9.3;
					};
					9C0F03E22085DAFD008A7C96 = {
						CreatedOnToolsVersion = 9.3;
						TestTargetID = 9C0F03CB2085DAFD008A7C96;
					};
					9C0F03ED2085DAFD008A7C96 = {
						CreatedOnToolsVersion = 9.3;
						TestTargetID = 9C0F03CB2085DAFD008A7C96;
					};
				};
			};
			buildConfigurationList = 9C0F03C72085DAFD008A7C96 /* Build configuration list for PBXProject "TestSwift" */;
			compatibilityVersion = "Xcode 9.3";
			developmentRegion = en;
			hasScannedForEncodings = 0;
			knownRegions = (
				en,
				Base,
			);
			mainGroup = 9C0F03C32085DAFD008A7C96;
			productRefGroup = 9C0F03CD2085DAFD008A7C96 /* Products */;
			projectDirPath = "";
			projectRoot = "";
			targets = (
				9C0F03CB2085DAFD008A7C96 /* TestSwift */,
				9C0F03E22085DAFD008A7C96 /* TestSwiftTests */,
				9C0F03ED2085DAFD008A7C96 /* TestSwiftUITests */,
			);
		};
/* End PBXProject section */

/* Begin PBXResourcesBuildPhase section */
		9C0F03CA2085DAFD008A7C96 /* Resources */ = {
			isa = PBXResourcesBuildPhase;
			buildActionMask = 2147483647;
			files = (
				9C8FAE69208F253200AB8CE7 /* iSelector.xib in Resources */,
				9C0F03DD2085DAFD008A7C96 /* LaunchScreen.storyboard in Resources */,
				9C243DB120A04AFF00D6A32A /* CalendarCell.xib in Resources */,
				9C181730209C3BF200FBD419 /* VarlenaInput.xib in Resources */,
				9C8FAE66208F253200AB8CE7 /* InputView.xib in Resources */,
				9C0F03DA2085DAFD008A7C96 /* Assets.xcassets in Resources */,
				9C8FAE6D208F30A600AB8CE7 /* InputTextView.xib in Resources */,
				9C243DAF20A04AEB00D6A32A /* CalendarView.xib in Resources */,
				9C0F03D52085DAFD008A7C96 /* Main.storyboard in Resources */,
			);
			runOnlyForDeploymentPostprocessing = 0;
		};
		9C0F03E12085DAFD008A7C96 /* Resources */ = {
			isa = PBXResourcesBuildPhase;
			buildActionMask = 2147483647;
			files = (
			);
			runOnlyForDeploymentPostprocessing = 0;
		};
		9C0F03EC2085DAFD008A7C96 /* Resources */ = {
			isa = PBXResourcesBuildPhase;
			buildActionMask = 2147483647;
			files = (
			);
			runOnlyForDeploymentPostprocessing = 0;
		};
/* End PBXResourcesBuildPhase section */

/* Begin PBXSourcesBuildPhase section */
		9C0F03C82085DAFD008A7C96 /* Sources */ = {
			isa = PBXSourcesBuildPhase;
			buildActionMask = 2147483647;
			files = (
				9C8FAE5C208F253200AB8CE7 /* Ex_Int.swift in Sources */,
				9C8FAE65208F253200AB8CE7 /* InputView.swift in Sources */,
				9C8FAE6A208F253200AB8CE7 /* NibLoable.swift in Sources */,
				9C8FAE4F208F253200AB8CE7 /* ImageView.swift in Sources */,
				9C8FAE4E208F253200AB8CE7 /* Button.swift in Sources */,
				9C8FAE59208F253200AB8CE7 /* Ex_Date.swift in Sources */,
				9C8FAE63208F253200AB8CE7 /* Ex_UITextView.swift in Sources */,
				9C0F03D22085DAFD008A7C96 /* IViewController.swift in Sources */,
				9C8FAE6B208F253200AB8CE7 /* Notifiable.swift in Sources */,
				9C8FAE5D208F253200AB8CE7 /* Ex_String.swift in Sources */,
				9C8FAE68208F253200AB8CE7 /* iSelector.swift in Sources */,
				9C8FAE56208F253200AB8CE7 /* SQLite.swift in Sources */,
				9C8FAE52208F253200AB8CE7 /* TableView.swift in Sources */,
				9C8FAE53208F253200AB8CE7 /* TableViewCell.swift in Sources */,
				9C8FAE60208F253200AB8CE7 /* Ex_UILabel.swift in Sources */,
				9C8FAE62208F253200AB8CE7 /* Ex_UIStoryboardSegue.swift in Sources */,
				9C8FAE5E208F253200AB8CE7 /* Ex_UIColor.swift in Sources */,
				9C8FAE67208F253200AB8CE7 /* iDateSelector.swift in Sources */,
				9C8FAE55208F253200AB8CE7 /* ViewController.swift in Sources */,
				9C8FAE64208F253200AB8CE7 /* InputTextView.swift in Sources */,
				9C8FAE58208F253200AB8CE7 /* Ex_Calendar.swift in Sources */,
				9C7F2AC2209C09A9005B6A44 /* CardSeparator.swift in Sources */,
				9C5F261B209328B70080E1DC /* CardTable.swift in Sources */,
				9C8FAE5F208F253200AB8CE7 /* Ex_UIDevice.swift in Sources */,
				9C18172E209C3BE600FBD419 /* VarlenaInput.swift in Sources */,
				9C0F03D02085DAFD008A7C96 /* AppDelegate.swift in Sources */,
				9C8FAE5A208F253200AB8CE7 /* Ex_DateFormatter.swift in Sources */,
				9C8FAE57208F253200AB8CE7 /* Ex_Array.swift in Sources */,
				9C8FAE4D208F253200AB8CE7 /* Animation.swift in Sources */,
				9C243DB320A04B1D00D6A32A /* CalendarCell.swift in Sources */,
				9C8FAE54208F253200AB8CE7 /* View.swift in Sources */,
				9C8FAE5B208F253200AB8CE7 /* Ex_IndexPath.swift in Sources */,
				9C8FAE61208F253200AB8CE7 /* Ex_UIScreen.swift in Sources */,
				9C5F261F20934EE90080E1DC /* Operator.swift in Sources */,
				9C5F261D209328C10080E1DC /* CardView.swift in Sources */,
				9C18172C209C0BD500FBD419 /* Ex_UITextField.swift in Sources */,
				9C0F03D82085DAFD008A7C96 /* TestSwift.xcdatamodeld in Sources */,
				9C243DAD20A04A9E00D6A32A /* CalendarView.swift in Sources */,
			);
			runOnlyForDeploymentPostprocessing = 0;
		};
		9C0F03DF2085DAFD008A7C96 /* Sources */ = {
			isa = PBXSourcesBuildPhase;
			buildActionMask = 2147483647;
			files = (
				9C0F03E82085DAFD008A7C96 /* TestSwiftTests.swift in Sources */,
			);
			runOnlyForDeploymentPostprocessing = 0;
		};
		9C0F03EA2085DAFD008A7C96 /* Sources */ = {
			isa = PBXSourcesBuildPhase;
			buildActionMask = 2147483647;
			files = (
				9C0F03F32085DAFD008A7C96 /* TestSwiftUITests.swift in Sources */,
			);
			runOnlyForDeploymentPostprocessing = 0;
		};
/* End PBXSourcesBuildPhase section */

/* Begin PBXTargetDependency section */
		9C0F03E52085DAFD008A7C96 /* PBXTargetDependency */ = {
			isa = PBXTargetDependency;
			target = 9C0F03CB2085DAFD008A7C96 /* TestSwift */;
			targetProxy = 9C0F03E42085DAFD008A7C96 /* PBXContainerItemProxy */;
		};
		9C0F03F02085DAFD008A7C96 /* PBXTargetDependency */ = {
			isa = PBXTargetDependency;
			target = 9C0F03CB2085DAFD008A7C96 /* TestSwift */;
			targetProxy = 9C0F03EF2085DAFD008A7C96 /* PBXContainerItemProxy */;
		};
/* End PBXTargetDependency section */

/* Begin PBXVariantGroup section */
		9C0F03D32085DAFD008A7C96 /* Main.storyboard */ = {
			isa = PBXVariantGroup;
			children = (
				9C0F03D42085DAFD008A7C96 /* Base */,
			);
			name = Main.storyboard;
			sourceTree = "<group>";
		};
		9C0F03DB2085DAFD008A7C96 /* LaunchScreen.storyboard */ = {
			isa = PBXVariantGroup;
			children = (
				9C0F03DC2085DAFD008A7C96 /* Base */,
			);
			name = LaunchScreen.storyboard;
			sourceTree = "<group>";
		};
/* End PBXVariantGroup section */

/* Begin XCBuildConfiguration section */
		9C0F03F52085DAFD008A7C96 /* Debug */ = {
			isa = XCBuildConfiguration;
			buildSettings = {
				ALWAYS_SEARCH_USER_PATHS = NO;
				CLANG_ANALYZER_NONNULL = YES;
				CLANG_ANALYZER_NUMBER_OBJECT_CONVERSION = YES_AGGRESSIVE;
				CLANG_CXX_LANGUAGE_STANDARD = "gnu++14";
				CLANG_CXX_LIBRARY = "libc++";
				CLANG_ENABLE_MODULES = YES;
				CLANG_ENABLE_OBJC_ARC = YES;
				CLANG_ENABLE_OBJC_WEAK = YES;
				CLANG_WARN_BLOCK_CAPTURE_AUTORELEASING = YES;
				CLANG_WARN_BOOL_CONVERSION = YES;
				CLANG_WARN_COMMA = YES;
				CLANG_WARN_CONSTANT_CONVERSION = YES;
				CLANG_WARN_DEPRECATED_OBJC_IMPLEMENTATIONS = YES;
				CLANG_WARN_DIRECT_OBJC_ISA_USAGE = YES_ERROR;
				CLANG_WARN_DOCUMENTATION_COMMENTS = YES;
				CLANG_WARN_EMPTY_BODY = YES;
				CLANG_WARN_ENUM_CONVERSION = YES;
				CLANG_WARN_INFINITE_RECURSION = YES;
				CLANG_WARN_INT_CONVERSION = YES;
				CLANG_WARN_NON_LITERAL_NULL_CONVERSION = YES;
				CLANG_WARN_OBJC_IMPLICIT_RETAIN_SELF = YES;
				CLANG_WARN_OBJC_LITERAL_CONVERSION = YES;
				CLANG_WARN_OBJC_ROOT_CLASS = YES_ERROR;
				CLANG_WARN_RANGE_LOOP_ANALYSIS = YES;
				CLANG_WARN_STRICT_PROTOTYPES = YES;
				CLANG_WARN_SUSPICIOUS_MOVE = YES;
				CLANG_WARN_UNGUARDED_AVAILABILITY = YES_AGGRESSIVE;
				CLANG_WARN_UNREACHABLE_CODE = YES;
				CLANG_WARN__DUPLICATE_METHOD_MATCH = YES;
				CODE_SIGN_IDENTITY = "iPhone Developer";
				COPY_PHASE_STRIP = NO;
				DEBUG_INFORMATION_FORMAT = dwarf;
				ENABLE_STRICT_OBJC_MSGSEND = YES;
				ENABLE_TESTABILITY = YES;
				GCC_C_LANGUAGE_STANDARD = gnu11;
				GCC_DYNAMIC_NO_PIC = NO;
				GCC_NO_COMMON_BLOCKS = YES;
				GCC_OPTIMIZATION_LEVEL = 0;
				GCC_PREPROCESSOR_DEFINITIONS = (
					"DEBUG=1",
					"$(inherited)",
				);
				GCC_WARN_64_TO_32_BIT_CONVERSION = YES;
				GCC_WARN_ABOUT_RETURN_TYPE = YES_ERROR;
				GCC_WARN_UNDECLARED_SELECTOR = YES;
				GCC_WARN_UNINITIALIZED_AUTOS = YES_AGGRESSIVE;
				GCC_WARN_UNUSED_FUNCTION = YES;
				GCC_WARN_UNUSED_VARIABLE = YES;
				IPHONEOS_DEPLOYMENT_TARGET = 11.3;
				MTL_ENABLE_DEBUG_INFO = YES;
				ONLY_ACTIVE_ARCH = YES;
				SDKROOT = iphoneos;
				SWIFT_ACTIVE_COMPILATION_CONDITIONS = DEBUG;
				SWIFT_OPTIMIZATION_LEVEL = "-Onone";
			};
			name = Debug;
		};
		9C0F03F62085DAFD008A7C96 /* Release */ = {
			isa = XCBuildConfiguration;
			buildSettings = {
				ALWAYS_SEARCH_USER_PATHS = NO;
				CLANG_ANALYZER_NONNULL = YES;
				CLANG_ANALYZER_NUMBER_OBJECT_CONVERSION = YES_AGGRESSIVE;
				CLANG_CXX_LANGUAGE_STANDARD = "gnu++14";
				CLANG_CXX_LIBRARY = "libc++";
				CLANG_ENABLE_MODULES = YES;
				CLANG_ENABLE_OBJC_ARC = YES;
				CLANG_ENABLE_OBJC_WEAK = YES;
				CLANG_WARN_BLOCK_CAPTURE_AUTORELEASING = YES;
				CLANG_WARN_BOOL_CONVERSION = YES;
				CLANG_WARN_COMMA = YES;
				CLANG_WARN_CONSTANT_CONVERSION = YES;
				CLANG_WARN_DEPRECATED_OBJC_IMPLEMENTATIONS = YES;
				CLANG_WARN_DIRECT_OBJC_ISA_USAGE = YES_ERROR;
				CLANG_WARN_DOCUMENTATION_COMMENTS = YES;
				CLANG_WARN_EMPTY_BODY = YES;
				CLANG_WARN_ENUM_CONVERSION = YES;
				CLANG_WARN_INFINITE_RECURSION = YES;
				CLANG_WARN_INT_CONVERSION = YES;
				CLANG_WARN_NON_LITERAL_NULL_CONVERSION = YES;
				CLANG_WARN_OBJC_IMPLICIT_RETAIN_SELF = YES;
				CLANG_WARN_OBJC_LITERAL_CONVERSION = YES;
				CLANG_WARN_OBJC_ROOT_CLASS = YES_ERROR;
				CLANG_WARN_RANGE_LOOP_ANALYSIS = YES;
				CLANG_WARN_STRICT_PROTOTYPES = YES;
				CLANG_WARN_SUSPICIOUS_MOVE = YES;
				CLANG_WARN_UNGUARDED_AVAILABILITY = YES_AGGRESSIVE;
				CLANG_WARN_UNREACHABLE_CODE = YES;
				CLANG_WARN__DUPLICATE_METHOD_MATCH = YES;
				CODE_SIGN_IDENTITY = "iPhone Developer";
				COPY_PHASE_STRIP = NO;
				DEBUG_INFORMATION_FORMAT = "dwarf-with-dsym";
				ENABLE_NS_ASSERTIONS = NO;
				ENABLE_STRICT_OBJC_MSGSEND = YES;
				GCC_C_LANGUAGE_STANDARD = gnu11;
				GCC_NO_COMMON_BLOCKS = YES;
				GCC_WARN_64_TO_32_BIT_CONVERSION = YES;
				GCC_WARN_ABOUT_RETURN_TYPE = YES_ERROR;
				GCC_WARN_UNDECLARED_SELECTOR = YES;
				GCC_WARN_UNINITIALIZED_AUTOS = YES_AGGRESSIVE;
				GCC_WARN_UNUSED_FUNCTION = YES;
				GCC_WARN_UNUSED_VARIABLE = YES;
				IPHONEOS_DEPLOYMENT_TARGET = 11.3;
				MTL_ENABLE_DEBUG_INFO = NO;
				SDKROOT = iphoneos;
				SWIFT_COMPILATION_MODE = wholemodule;
				SWIFT_OPTIMIZATION_LEVEL = "-O";
				VALIDATE_PRODUCT = YES;
			};
			name = Release;
		};
		9C0F03F82085DAFD008A7C96 /* Debug */ = {
			isa = XCBuildConfiguration;
			buildSettings = {
				ASSETCATALOG_COMPILER_APPICON_NAME = AppIcon;
				CODE_SIGN_STYLE = Automatic;
				DEVELOPMENT_TEAM = 8BBKEKP879;
				INFOPLIST_FILE = "$(SRCROOT)/TestSwift/Resources/Info.plist";
				IPHONEOS_DEPLOYMENT_TARGET = 10.0;
				LD_RUNPATH_SEARCH_PATHS = (
					"$(inherited)",
					"@executable_path/Frameworks",
				);
				PRODUCT_BUNDLE_IDENTIFIER = myron.TestSwift;
				PRODUCT_NAME = "$(TARGET_NAME)";
				SWIFT_VERSION = 4.0;
				TARGETED_DEVICE_FAMILY = "1,2";
			};
			name = Debug;
		};
		9C0F03F92085DAFD008A7C96 /* Release */ = {
			isa = XCBuildConfiguration;
			buildSettings = {
				ASSETCATALOG_COMPILER_APPICON_NAME = AppIcon;
				CODE_SIGN_STYLE = Automatic;
				DEVELOPMENT_TEAM = 8BBKEKP879;
				INFOPLIST_FILE = "$(SRCROOT)/TestSwift/Resources/Info.plist";
				IPHONEOS_DEPLOYMENT_TARGET = 10.0;
				LD_RUNPATH_SEARCH_PATHS = (
					"$(inherited)",
					"@executable_path/Frameworks",
				);
				PRODUCT_BUNDLE_IDENTIFIER = myron.TestSwift;
				PRODUCT_NAME = "$(TARGET_NAME)";
				SWIFT_VERSION = 4.0;
				TARGETED_DEVICE_FAMILY = "1,2";
			};
			name = Release;
		};
		9C0F03FB2085DAFD008A7C96 /* Debug */ = {
			isa = XCBuildConfiguration;
			buildSettings = {
				ALWAYS_EMBED_SWIFT_STANDARD_LIBRARIES = YES;
				BUNDLE_LOADER = "$(TEST_HOST)";
				CODE_SIGN_STYLE = Automatic;
				DEVELOPMENT_TEAM = 2KGH4RWYPW;
				INFOPLIST_FILE = TestSwiftTests/Info.plist;
				LD_RUNPATH_SEARCH_PATHS = (
					"$(inherited)",
					"@executable_path/Frameworks",
					"@loader_path/Frameworks",
				);
				PRODUCT_BUNDLE_IDENTIFIER = myron.TestSwiftTests;
				PRODUCT_NAME = "$(TARGET_NAME)";
				SWIFT_VERSION = 4.0;
				TARGETED_DEVICE_FAMILY = "1,2";
				TEST_HOST = "$(BUILT_PRODUCTS_DIR)/TestSwift.app/TestSwift";
			};
			name = Debug;
		};
		9C0F03FC2085DAFD008A7C96 /* Release */ = {
			isa = XCBuildConfiguration;
			buildSettings = {
				ALWAYS_EMBED_SWIFT_STANDARD_LIBRARIES = YES;
				BUNDLE_LOADER = "$(TEST_HOST)";
				CODE_SIGN_STYLE = Automatic;
				DEVELOPMENT_TEAM = 2KGH4RWYPW;
				INFOPLIST_FILE = TestSwiftTests/Info.plist;
				LD_RUNPATH_SEARCH_PATHS = (
					"$(inherited)",
					"@executable_path/Frameworks",
					"@loader_path/Frameworks",
				);
				PRODUCT_BUNDLE_IDENTIFIER = myron.TestSwiftTests;
				PRODUCT_NAME = "$(TARGET_NAME)";
				SWIFT_VERSION = 4.0;
				TARGETED_DEVICE_FAMILY = "1,2";
				TEST_HOST = "$(BUILT_PRODUCTS_DIR)/TestSwift.app/TestSwift";
			};
			name = Release;
		};
		9C0F03FE2085DAFD008A7C96 /* Debug */ = {
			isa = XCBuildConfiguration;
			buildSettings = {
				ALWAYS_EMBED_SWIFT_STANDARD_LIBRARIES = YES;
				CODE_SIGN_STYLE = Automatic;
				DEVELOPMENT_TEAM = 2KGH4RWYPW;
				INFOPLIST_FILE = TestSwiftUITests/Info.plist;
				LD_RUNPATH_SEARCH_PATHS = (
					"$(inherited)",
					"@executable_path/Frameworks",
					"@loader_path/Frameworks",
				);
				PRODUCT_BUNDLE_IDENTIFIER = myron.TestSwiftUITests;
				PRODUCT_NAME = "$(TARGET_NAME)";
				SWIFT_VERSION = 4.0;
				TARGETED_DEVICE_FAMILY = "1,2";
				TEST_TARGET_NAME = TestSwift;
			};
			name = Debug;
		};
		9C0F03FF2085DAFD008A7C96 /* Release */ = {
			isa = XCBuildConfiguration;
			buildSettings = {
				ALWAYS_EMBED_SWIFT_STANDARD_LIBRARIES = YES;
				CODE_SIGN_STYLE = Automatic;
				DEVELOPMENT_TEAM = 2KGH4RWYPW;
				INFOPLIST_FILE = TestSwiftUITests/Info.plist;
				LD_RUNPATH_SEARCH_PATHS = (
					"$(inherited)",
					"@executable_path/Frameworks",
					"@loader_path/Frameworks",
				);
				PRODUCT_BUNDLE_IDENTIFIER = myron.TestSwiftUITests;
				PRODUCT_NAME = "$(TARGET_NAME)";
				SWIFT_VERSION = 4.0;
				TARGETED_DEVICE_FAMILY = "1,2";
				TEST_TARGET_NAME = TestSwift;
			};
			name = Release;
		};
/* End XCBuildConfiguration section */

/* Begin XCConfigurationList section */
		9C0F03C72085DAFD008A7C96 /* Build configuration list for PBXProject "TestSwift" */ = {
			isa = XCConfigurationList;
			buildConfigurations = (
				9C0F03F52085DAFD008A7C96 /* Debug */,
				9C0F03F62085DAFD008A7C96 /* Release */,
			);
			defaultConfigurationIsVisible = 0;
			defaultConfigurationName = Release;
		};
		9C0F03F72085DAFD008A7C96 /* Build configuration list for PBXNativeTarget "TestSwift" */ = {
			isa = XCConfigurationList;
			buildConfigurations = (
				9C0F03F82085DAFD008A7C96 /* Debug */,
				9C0F03F92085DAFD008A7C96 /* Release */,
			);
			defaultConfigurationIsVisible = 0;
			defaultConfigurationName = Release;
		};
		9C0F03FA2085DAFD008A7C96 /* Build configuration list for PBXNativeTarget "TestSwiftTests" */ = {
			isa = XCConfigurationList;
			buildConfigurations = (
				9C0F03FB2085DAFD008A7C96 /* Debug */,
				9C0F03FC2085DAFD008A7C96 /* Release */,
			);
			defaultConfigurationIsVisible = 0;
			defaultConfigurationName = Release;
		};
		9C0F03FD2085DAFD008A7C96 /* Build configuration list for PBXNativeTarget "TestSwiftUITests" */ = {
			isa = XCConfigurationList;
			buildConfigurations = (
				9C0F03FE2085DAFD008A7C96 /* Debug */,
				9C0F03FF2085DAFD008A7C96 /* Release */,
			);
			defaultConfigurationIsVisible = 0;
			defaultConfigurationName = Release;
		};
/* End XCConfigurationList section */

/* Begin XCVersionGroup section */
		9C0F03D62085DAFD008A7C96 /* TestSwift.xcdatamodeld */ = {
			isa = XCVersionGroup;
			children = (
				9C0F03D72085DAFD008A7C96 /* TestSwift.xcdatamodel */,
			);
			currentVersion = 9C0F03D72085DAFD008A7C96 /* TestSwift.xcdatamodel */;
			path = TestSwift.xcdatamodeld;
			sourceTree = "<group>";
			versionGroupType = wrapper.xcdatamodel;
		};
/* End XCVersionGroup section */
	};
	rootObject = 9C0F03C42085DAFD008A7C96 /* Project object */;
}
